
Microsoft Visual Studio Solution File, Format Version 12.00
# Visual Studio Version 16
VisualStudioVersion = 16.0.29215.179
MinimumVisualStudioVersion = 10.0.40219.1
Project("{FAE04EC0-301F-11D3-BF4B-00C04F79EFBC}") = "cashRegister", "cashRegister\cashRegister.csproj", "{A8DE757F-E2E1-4FE1-9453-A1CB17D499B7}"
EndProject
Global
	GlobalSection(SolutionConfigurationPlatforms) = preSolution
		Debug|Any CPU = Debug|Any CPU
		Release|Any CPU = Release|Any CPU
	EndGlobalSection
	GlobalSection(ProjectConfigurationPlatforms) = postSolution
		{A8DE757F-E2E1-4FE1-9453-A1CB17D499B7}.Debug|Any CPU.ActiveCfg = Debug|Any CPU
		{A8DE757F-E2E1-4FE1-9453-A1CB17D499B7}.Debug|Any CPU.Build.0 = Debug|Any CPU
		{A8DE757F-E2E1-4FE1-9453-A1CB17D499B7}.Release|Any CPU.ActiveCfg = Release|Any CPU
		{A8DE757F-E2E1-4FE1-9453-A1CB17D499B7}.Release|Any CPU.Build.0 = Release|Any CPU
	EndGlobalSection
	GlobalSection(SolutionProperties) = preSolution
		HideSolutionNode = FALSE
	EndGlobalSection
	GlobalSection(ExtensibilityGlobals) = postSolution
		SolutionGuid = {D1A3E91D-1D51-430C-94FC-D2D32492E4BD}
	EndGlobalSection
EndGlobal
